
Microsoft Visual Studio Solution File, Format Version 12.00
# Visual Studio Version 17
VisualStudioVersion = 17.8.34316.72
MinimumVisualStudioVersion = 10.0.40219.1
Project("{FAE04EC0-301F-11D3-BF4B-00C04F79EFBC}") = "Selenium1", "Selenium1.csproj", "{C8A1CCB2-2A21-427A-B2A5-9CE210E2F3F5}"
EndProject
Global
	GlobalSection(SolutionConfigurationPlatforms) = preSolution
		Debug|Any CPU = Debug|Any CPU
		Release|Any CPU = Release|Any CPU
	EndGlobalSection
	GlobalSection(ProjectConfigurationPlatforms) = postSolution
		{C8A1CCB2-2A21-427A-B2A5-9CE210E2F3F5}.Debug|Any CPU.ActiveCfg = Debug|Any CPU
		{C8A1CCB2-2A21-427A-B2A5-9CE210E2F3F5}.Debug|Any CPU.Build.0 = Debug|Any CPU
		{C8A1CCB2-2A21-427A-B2A5-9CE210E2F3F5}.Release|Any CPU.ActiveCfg = Release|Any CPU
		{C8A1CCB2-2A21-427A-B2A5-9CE210E2F3F5}.Release|Any CPU.Build.0 = Release|Any CPU
	EndGlobalSection
	GlobalSection(SolutionProperties) = preSolution
		HideSolutionNode = FALSE
	EndGlobalSection
	GlobalSection(ExtensibilityGlobals) = postSolution
		SolutionGuid = {FCFEFE45-8A71-4943-BD06-6F3DEF72952F}
	EndGlobalSection
EndGlobal
