
Microsoft Visual Studio Solution File, Format Version 12.00
# Visual Studio Version 17
VisualStudioVersion = 17.3.32929.385
MinimumVisualStudioVersion = 10.0.40219.1
Project("{FAE04EC0-301F-11D3-BF4B-00C04F79EFBC}") = "BT2.7", "BT2.7\BT2.7.csproj", "{40F47A4B-649C-4874-B73C-42E8DF983839}"
EndProject
Global
	GlobalSection(SolutionConfigurationPlatforms) = preSolution
		Debug|Any CPU = Debug|Any CPU
		Release|Any CPU = Release|Any CPU
	EndGlobalSection
	GlobalSection(ProjectConfigurationPlatforms) = postSolution
		{40F47A4B-649C-4874-B73C-42E8DF983839}.Debug|Any CPU.ActiveCfg = Debug|Any CPU
		{40F47A4B-649C-4874-B73C-42E8DF983839}.Debug|Any CPU.Build.0 = Debug|Any CPU
		{40F47A4B-649C-4874-B73C-42E8DF983839}.Release|Any CPU.ActiveCfg = Release|Any CPU
		{40F47A4B-649C-4874-B73C-42E8DF983839}.Release|Any CPU.Build.0 = Release|Any CPU
	EndGlobalSection
	GlobalSection(SolutionProperties) = preSolution
		HideSolutionNode = FALSE
	EndGlobalSection
	GlobalSection(ExtensibilityGlobals) = postSolution
		SolutionGuid = {DE3B0AD4-1B9F-4419-BB56-A45FAE73DF03}
	EndGlobalSection
EndGlobal
