
Microsoft Visual Studio Solution File, Format Version 12.00
# Visual Studio Version 17
VisualStudioVersion = 17.5.33424.131
MinimumVisualStudioVersion = 10.0.40219.1
Project("{FAE04EC0-301F-11D3-BF4B-00C04F79EFBC}") = "BT1.2", "BT1.2\BT1.2.csproj", "{5CB1E120-9F83-4F28-B41A-A243873CCC95}"
EndProject
Global
	GlobalSection(SolutionConfigurationPlatforms) = preSolution
		Debug|Any CPU = Debug|Any CPU
		Release|Any CPU = Release|Any CPU
	EndGlobalSection
	GlobalSection(ProjectConfigurationPlatforms) = postSolution
		{5CB1E120-9F83-4F28-B41A-A243873CCC95}.Debug|Any CPU.ActiveCfg = Debug|Any CPU
		{5CB1E120-9F83-4F28-B41A-A243873CCC95}.Debug|Any CPU.Build.0 = Debug|Any CPU
		{5CB1E120-9F83-4F28-B41A-A243873CCC95}.Release|Any CPU.ActiveCfg = Release|Any CPU
		{5CB1E120-9F83-4F28-B41A-A243873CCC95}.Release|Any CPU.Build.0 = Release|Any CPU
	EndGlobalSection
	GlobalSection(SolutionProperties) = preSolution
		HideSolutionNode = FALSE
	EndGlobalSection
	GlobalSection(ExtensibilityGlobals) = postSolution
		SolutionGuid = {F82E0E04-3F03-44EF-B949-59065E4DCCEE}
	EndGlobalSection
EndGlobal
