
Microsoft Visual Studio Solution File, Format Version 12.00
# Visual Studio Version 17
VisualStudioVersion = 17.3.32929.385
MinimumVisualStudioVersion = 10.0.40219.1
Project("{FAE04EC0-301F-11D3-BF4B-00C04F79EFBC}") = "BT1.3", "BT1.3\BT1.3.csproj", "{BEF25F24-2002-4B85-9C0B-E7EC100AB70F}"
EndProject
Global
	GlobalSection(SolutionConfigurationPlatforms) = preSolution
		Debug|Any CPU = Debug|Any CPU
		Release|Any CPU = Release|Any CPU
	EndGlobalSection
	GlobalSection(ProjectConfigurationPlatforms) = postSolution
		{BEF25F24-2002-4B85-9C0B-E7EC100AB70F}.Debug|Any CPU.ActiveCfg = Debug|Any CPU
		{BEF25F24-2002-4B85-9C0B-E7EC100AB70F}.Debug|Any CPU.Build.0 = Debug|Any CPU
		{BEF25F24-2002-4B85-9C0B-E7EC100AB70F}.Release|Any CPU.ActiveCfg = Release|Any CPU
		{BEF25F24-2002-4B85-9C0B-E7EC100AB70F}.Release|Any CPU.Build.0 = Release|Any CPU
	EndGlobalSection
	GlobalSection(SolutionProperties) = preSolution
		HideSolutionNode = FALSE
	EndGlobalSection
	GlobalSection(ExtensibilityGlobals) = postSolution
		SolutionGuid = {9DD65C21-6EB2-471B-89F6-672702ECBB66}
	EndGlobalSection
EndGlobal
